# THIS IS AN AUTOGENERATED FILE. DO NOT EDIT THIS FILE DIRECTLY.
# yarn lockfile v1


flexboxgrid2@^7.2.1:
  version "7.2.1"
  resolved "https://registry.yarnpkg.com/flexboxgrid2/-/flexboxgrid2-7.2.1.tgz#3ffb9661ca5a9e96468eae648f8caf279bd0b2a4"
  integrity sha512-O2bO5ZcBXnFy7cYmyt/CKb6CuwzNuUPxWJt8WOiaot8SetE9zyUahXGTSpKDm3+CTYQ5YeEMPeunMdjcxKJz4w==
  dependencies:
    normalize.css "^7.0.0"

foundation-sites@^6.5.0-rc.2:
  version "6.5.3"
  resolved "https://registry.yarnpkg.com/foundation-sites/-/foundation-sites-6.5.3.tgz#85373aaed72233ca0d16fdfcb034e976cc6943c9"
  integrity sha512-ZwI0idjHHjezh6jRjpPxkczvmtUuJ1uGatZHpyloX0MvsFHfM0BFoxrqdXryXugGPdmb+yJi3JYMnz6+5t3K1A==

normalize.css@^7.0.0:
  version "7.0.0"
  resolved "https://registry.yarnpkg.com/normalize.css/-/normalize.css-7.0.0.tgz#abfb1dd82470674e0322b53ceb1aaf412938e4bf"
  integrity sha1-q/sd2CRwZ04DIrU86xqvQSk45L8=
